// !$*UTF8*$!
{
	archiveVersion = 1;
	classes = {
	};
	objectVersion = 55;
	objects = {

/* Begin PBXBuildFile section */
		6EFB2D1AD0375C8614C51C21 /* Pods_AwesomeApp.framework in Frameworks */ = {isa = PBXBuildFile; fileRef = 443742D68F91AC6E8F7D5091 /* Pods_AwesomeApp.framework */; };
		A161560B602D72EF6CEC3584 /* Pods_AwesomeApp_AwesomeAppUITests.framework in Frameworks */ = {isa = PBXBuildFile; fileRef = 45D8F7B13D4983DA93197B59 /* Pods_AwesomeApp_AwesomeAppUITests.framework */; };
		AF9347752B1B58BF00CF337D /* AppDelegate.swift in Sources */ = {isa = PBXBuildFile; fileRef = AF9347742B1B58BF00CF337D /* AppDelegate.swift */; };
		AF9347772B1B58BF00CF337D /* SceneDelegate.swift in Sources */ = {isa = PBXBuildFile; fileRef = AF9347762B1B58BF00CF337D /* SceneDelegate.swift */; };
		AF9347792B1B58BF00CF337D /* ViewController.swift in Sources */ = {isa = PBXBuildFile; fileRef = AF9347782B1B58BF00CF337D /* ViewController.swift */; };
		AF93477C2B1B58BF00CF337D /* Main.storyboard in Resources */ = {isa = PBXBuildFile; fileRef = AF93477A2B1B58BF00CF337D /* Main.storyboard */; };
		AF93477E2B1B58C300CF337D /* Assets.xcassets in Resources */ = {isa = PBXBuildFile; fileRef = AF93477D2B1B58C300CF337D /* Assets.xcassets */; };
		AF9347812B1B58C300CF337D /* LaunchScreen.storyboard in Resources */ = {isa = PBXBuildFile; fileRef = AF93477F2B1B58C300CF337D /* LaunchScreen.storyboard */; };
		AF93478C2B1B58C300CF337D /* AwesomeAppTests.swift in Sources */ = {isa = PBXBuildFile; fileRef = AF93478B2B1B58C300CF337D /* AwesomeAppTests.swift */; };
		AF9347962B1B58C300CF337D /* AwesomeAppUITests.swift in Sources */ = {isa = PBXBuildFile; fileRef = AF9347952B1B58C300CF337D /* AwesomeAppUITests.swift */; };
		AF9347982B1B58C300CF337D /* AwesomeAppUITestsLaunchTests.swift in Sources */ = {isa = PBXBuildFile; fileRef = AF9347972B1B58C300CF337D /* AwesomeAppUITestsLaunchTests.swift */; };
		C02CACDF107749A02643B0D3 /* Pods_AwesomeAppTests.framework in Frameworks */ = {isa = PBXBuildFile; fileRef = A5A2A1F1978D45B20416B6C5 /* Pods_AwesomeAppTests.framework */; };
/* End PBXBuildFile section */

/* Begin PBXContainerItemProxy section */
		AF9347882B1B58C300CF337D /* PBXContainerItemProxy */ = {
			isa = PBXContainerItemProxy;
			containerPortal = AF9347692B1B58BF00CF337D /* Project object */;
			proxyType = 1;
			remoteGlobalIDString = AF9347702B1B58BF00CF337D;
			remoteInfo = AwesomeApp;
		};
		AF9347922B1B58C300CF337D /* PBXContainerItemProxy */ = {
			isa = PBXContainerItemProxy;
			containerPortal = AF9347692B1B58BF00CF337D /* Project object */;
			proxyType = 1;
			remoteGlobalIDString = AF9347702B1B58BF00CF337D;
			remoteInfo = AwesomeApp;
		};
/* End PBXContainerItemProxy section */

/* Begin PBXFileReference section */
		427C05461EED0B4A3D53091D /* Pods-AwesomeAppTests.debug.xcconfig */ = {isa = PBXFileReference; includeInIndex = 1; lastKnownFileType = text.xcconfig; name = "Pods-AwesomeAppTests.debug.xcconfig"; path = "Target Support Files/Pods-AwesomeAppTests/Pods-AwesomeAppTests.debug.xcconfig"; sourceTree = "<group>"; };
		443742D68F91AC6E8F7D5091 /* Pods_AwesomeApp.framework */ = {isa = PBXFileReference; explicitFileType = wrapper.framework; includeInIndex = 0; path = Pods_AwesomeApp.framework; sourceTree = BUILT_PRODUCTS_DIR; };
		45D8F7B13D4983DA93197B59 /* Pods_AwesomeApp_AwesomeAppUITests.framework */ = {isa = PBXFileReference; explicitFileType = wrapper.framework; includeInIndex = 0; path = Pods_AwesomeApp_AwesomeAppUITests.framework; sourceTree = BUILT_PRODUCTS_DIR; };
		725747EBA449C05B2A1C9800 /* Pods-AwesomeApp.release.xcconfig */ = {isa = PBXFileReference; includeInIndex = 1; lastKnownFileType = text.xcconfig; name = "Pods-AwesomeApp.release.xcconfig"; path = "Target Support Files/Pods-AwesomeApp/Pods-AwesomeApp.release.xcconfig"; sourceTree = "<group>"; };
		7935F09BE1012C3D4C1D740D /* Pods-AwesomeApp.debug.xcconfig */ = {isa = PBXFileReference; includeInIndex = 1; lastKnownFileType = text.xcconfig; name = "Pods-AwesomeApp.debug.xcconfig"; path = "Target Support Files/Pods-AwesomeApp/Pods-AwesomeApp.debug.xcconfig"; sourceTree = "<group>"; };
		A009B63FE9E217620F4DCB9C /* Pods-AwesomeAppTests.release.xcconfig */ = {isa = PBXFileReference; includeInIndex = 1; lastKnownFileType = text.xcconfig; name = "Pods-AwesomeAppTests.release.xcconfig"; path = "Target Support Files/Pods-AwesomeAppTests/Pods-AwesomeAppTests.release.xcconfig"; sourceTree = "<group>"; };
		A4CA1A54D7535C5B3A3B6CE4 /* Pods-AwesomeApp-AwesomeAppUITests.release.xcconfig */ = {isa = PBXFileReference; includeInIndex = 1; lastKnownFileType = text.xcconfig; name = "Pods-AwesomeApp-AwesomeAppUITests.release.xcconfig"; path = "Target Support Files/Pods-AwesomeApp-AwesomeAppUITests/Pods-AwesomeApp-AwesomeAppUITests.release.xcconfig"; sourceTree = "<group>"; };
		A5A2A1F1978D45B20416B6C5 /* Pods_AwesomeAppTests.framework */ = {isa = PBXFileReference; explicitFileType = wrapper.framework; includeInIndex = 0; path = Pods_AwesomeAppTests.framework; sourceTree = BUILT_PRODUCTS_DIR; };
		AF9347712B1B58BF00CF337D /* AwesomeApp.app */ = {isa = PBXFileReference; explicitFileType = wrapper.application; includeInIndex = 0; path = AwesomeApp.app; sourceTree = BUILT_PRODUCTS_DIR; };
		AF9347742B1B58BF00CF337D /* AppDelegate.swift */ = {isa = PBXFileReference; lastKnownFileType = sourcecode.swift; path = AppDelegate.swift; sourceTree = "<group>"; };
		AF9347762B1B58BF00CF337D /* SceneDelegate.swift */ = {isa = PBXFileReference; lastKnownFileType = sourcecode.swift; path = SceneDelegate.swift; sourceTree = "<group>"; };
		AF9347782B1B58BF00CF337D /* ViewController.swift */ = {isa = PBXFileReference; lastKnownFileType = sourcecode.swift; path = ViewController.swift; sourceTree = "<group>"; };
		AF93477B2B1B58BF00CF337D /* Base */ = {isa = PBXFileReference; lastKnownFileType = file.storyboard; name = Base; path = Base.lproj/Main.storyboard; sourceTree = "<group>"; };
		AF93477D2B1B58C300CF337D /* Assets.xcassets */ = {isa = PBXFileReference; lastKnownFileType = folder.assetcatalog; path = Assets.xcassets; sourceTree = "<group>"; };
		AF9347802B1B58C300CF337D /* Base */ = {isa = PBXFileReference; lastKnownFileType = file.storyboard; name = Base; path = Base.lproj/LaunchScreen.storyboard; sourceTree = "<group>"; };
		AF9347822B1B58C300CF337D /* Info.plist */ = {isa = PBXFileReference; lastKnownFileType = text.plist.xml; path = Info.plist; sourceTree = "<group>"; };
		AF9347872B1B58C300CF337D /* AwesomeAppTests.xctest */ = {isa = PBXFileReference; explicitFileType = wrapper.cfbundle; includeInIndex = 0; path = AwesomeAppTests.xctest; sourceTree = BUILT_PRODUCTS_DIR; };
		AF93478B2B1B58C300CF337D /* AwesomeAppTests.swift */ = {isa = PBXFileReference; lastKnownFileType = sourcecode.swift; path = AwesomeAppTests.swift; sourceTree = "<group>"; };
		AF9347912B1B58C300CF337D /* AwesomeAppUITests.xctest */ = {isa = PBXFileReference; explicitFileType = wrapper.cfbundle; includeInIndex = 0; path = AwesomeAppUITests.xctest; sourceTree = BUILT_PRODUCTS_DIR; };
		AF9347952B1B58C300CF337D /* AwesomeAppUITests.swift */ = {isa = PBXFileReference; lastKnownFileType = sourcecode.swift; path = AwesomeAppUITests.swift; sourceTree = "<group>"; };
		AF9347972B1B58C300CF337D /* AwesomeAppUITestsLaunchTests.swift */ = {isa = PBXFileReference; lastKnownFileType = sourcecode.swift; path = AwesomeAppUITestsLaunchTests.swift; sourceTree = "<group>"; };
		DAE8399971959C1274A7264C /* Pods-AwesomeApp-AwesomeAppUITests.debug.xcconfig */ = {isa = PBXFileReference; includeInIndex = 1; lastKnownFileType = text.xcconfig; name = "Pods-AwesomeApp-AwesomeAppUITests.debug.xcconfig"; path = "Target Support Files/Pods-AwesomeApp-AwesomeAppUITests/Pods-AwesomeApp-AwesomeAppUITests.debug.xcconfig"; sourceTree = "<group>"; };
/* End PBXFileReference section */

/* Begin PBXFrameworksBuildPhase section */
		AF93476E2B1B58BF00CF337D /* Frameworks */ = {
			isa = PBXFrameworksBuildPhase;
			buildActionMask = 2147483647;
			files = (
				6EFB2D1AD0375C8614C51C21 /* Pods_AwesomeApp.framework in Frameworks */,
			);
			runOnlyForDeploymentPostprocessing = 0;
		};
		AF9347842B1B58C300CF337D /* Frameworks */ = {
			isa = PBXFrameworksBuildPhase;
			buildActionMask = 2147483647;
			files = (
				C02CACDF107749A02643B0D3 /* Pods_AwesomeAppTests.framework in Frameworks */,
			);
			runOnlyForDeploymentPostprocessing = 0;
		};
		AF93478E2B1B58C300CF337D /* Frameworks */ = {
			isa = PBXFrameworksBuildPhase;
			buildActionMask = 2147483647;
			files = (
				A161560B602D72EF6CEC3584 /* Pods_AwesomeApp_AwesomeAppUITests.framework in Frameworks */,
			);
			runOnlyForDeploymentPostprocessing = 0;
		};
/* End PBXFrameworksBuildPhase section */

/* Begin PBXGroup section */
		203FBD05680BD2C933A6584F /* Frameworks */ = {
			isa = PBXGroup;
			children = (
				443742D68F91AC6E8F7D5091 /* Pods_AwesomeApp.framework */,
				45D8F7B13D4983DA93197B59 /* Pods_AwesomeApp_AwesomeAppUITests.framework */,
				A5A2A1F1978D45B20416B6C5 /* Pods_AwesomeAppTests.framework */,
			);
			name = Frameworks;
			sourceTree = "<group>";
		};
		AF9347682B1B58BF00CF337D = {
			isa = PBXGroup;
			children = (
				AF9347732B1B58BF00CF337D /* AwesomeApp */,
				AF93478A2B1B58C300CF337D /* AwesomeAppTests */,
				AF9347942B1B58C300CF337D /* AwesomeAppUITests */,
				AF9347722B1B58BF00CF337D /* Products */,
				E3F7D70F1BEA4A4ED5559BD9 /* Pods */,
				203FBD05680BD2C933A6584F /* Frameworks */,
			);
			sourceTree = "<group>";
		};
		AF9347722B1B58BF00CF337D /* Products */ = {
			isa = PBXGroup;
			children = (
				AF9347712B1B58BF00CF337D /* AwesomeApp.app */,
				AF9347872B1B58C300CF337D /* AwesomeAppTests.xctest */,
				AF9347912B1B58C300CF337D /* AwesomeAppUITests.xctest */,
			);
			name = Products;
			sourceTree = "<group>";
		};
		AF9347732B1B58BF00CF337D /* AwesomeApp */ = {
			isa = PBXGroup;
			children = (
				AF9347742B1B58BF00CF337D /* AppDelegate.swift */,
				AF9347762B1B58BF00CF337D /* SceneDelegate.swift */,
				AF9347782B1B58BF00CF337D /* ViewController.swift */,
				AF93477A2B1B58BF00CF337D /* Main.storyboard */,
				AF93477D2B1B58C300CF337D /* Assets.xcassets */,
				AF93477F2B1B58C300CF337D /* LaunchScreen.storyboard */,
				AF9347822B1B58C300CF337D /* Info.plist */,
			);
			path = AwesomeApp;
			sourceTree = "<group>";
		};
		AF93478A2B1B58C300CF337D /* AwesomeAppTests */ = {
			isa = PBXGroup;
			children = (
				AF93478B2B1B58C300CF337D /* AwesomeAppTests.swift */,
			);
			path = AwesomeAppTests;
			sourceTree = "<group>";
		};
		AF9347942B1B58C300CF337D /* AwesomeAppUITests */ = {
			isa = PBXGroup;
			children = (
				AF9347952B1B58C300CF337D /* AwesomeAppUITests.swift */,
				AF9347972B1B58C300CF337D /* AwesomeAppUITestsLaunchTests.swift */,
			);
			path = AwesomeAppUITests;
			sourceTree = "<group>";
		};
		E3F7D70F1BEA4A4ED5559BD9 /* Pods */ = {
			isa = PBXGroup;
			children = (
				7935F09BE1012C3D4C1D740D /* Pods-AwesomeApp.debug.xcconfig */,
				725747EBA449C05B2A1C9800 /* Pods-AwesomeApp.release.xcconfig */,
				DAE8399971959C1274A7264C /* Pods-AwesomeApp-AwesomeAppUITests.debug.xcconfig */,
				A4CA1A54D7535C5B3A3B6CE4 /* Pods-AwesomeApp-AwesomeAppUITests.release.xcconfig */,
				427C05461EED0B4A3D53091D /* Pods-AwesomeAppTests.debug.xcconfig */,
				A009B63FE9E217620F4DCB9C /* Pods-AwesomeAppTests.release.xcconfig */,
			);
			name = Pods;
			path = Pods;
			sourceTree = "<group>";
		};
/* End PBXGroup section */

/* Begin PBXNativeTarget section */
		AF9347702B1B58BF00CF337D /* AwesomeApp */ = {
			isa = PBXNativeTarget;
			buildConfigurationList = AF93479B2B1B58C300CF337D /* Build configuration list for PBXNativeTarget "AwesomeApp" */;
			buildPhases = (
				4713C35FB5D1042372B9E75F /* [CP] Check Pods Manifest.lock */,
				AF93476D2B1B58BF00CF337D /* Sources */,
				AF93476E2B1B58BF00CF337D /* Frameworks */,
				AF93476F2B1B58BF00CF337D /* Resources */,
			);
			buildRules = (
			);
			dependencies = (
			);
			name = AwesomeApp;
			productName = AwesomeApp;
			productReference = AF9347712B1B58BF00CF337D /* AwesomeApp.app */;
			productType = "com.apple.product-type.application";
		};
		AF9347862B1B58C300CF337D /* AwesomeAppTests */ = {
			isa = PBXNativeTarget;
			buildConfigurationList = AF93479E2B1B58C300CF337D /* Build configuration list for PBXNativeTarget "AwesomeAppTests" */;
			buildPhases = (
				8B22C1C2C67A75813664E3EE /* [CP] Check Pods Manifest.lock */,
				AF9347832B1B58C300CF337D /* Sources */,
				AF9347842B1B58C300CF337D /* Frameworks */,
				AF9347852B1B58C300CF337D /* Resources */,
			);
			buildRules = (
			);
			dependencies = (
				AF9347892B1B58C300CF337D /* PBXTargetDependency */,
			);
			name = AwesomeAppTests;
			productName = AwesomeAppTests;
			productReference = AF9347872B1B58C300CF337D /* AwesomeAppTests.xctest */;
			productType = "com.apple.product-type.bundle.unit-test";
		};
		AF9347902B1B58C300CF337D /* AwesomeAppUITests */ = {
			isa = PBXNativeTarget;
			buildConfigurationList = AF9347A12B1B58C300CF337D /* Build configuration list for PBXNativeTarget "AwesomeAppUITests" */;
			buildPhases = (
				5DA232BD9CF1BD6F9A22E56D /* [CP] Check Pods Manifest.lock */,
				AF93478D2B1B58C300CF337D /* Sources */,
				AF93478E2B1B58C300CF337D /* Frameworks */,
				AF93478F2B1B58C300CF337D /* Resources */,
			);
			buildRules = (
			);
			dependencies = (
				AF9347932B1B58C300CF337D /* PBXTargetDependency */,
			);
			name = AwesomeAppUITests;
			productName = AwesomeAppUITests;
			productReference = AF9347912B1B58C300CF337D /* AwesomeAppUITests.xctest */;
			productType = "com.apple.product-type.bundle.ui-testing";
		};
/* End PBXNativeTarget section */

/* Begin PBXProject section */
		AF9347692B1B58BF00CF337D /* Project object */ = {
			isa = PBXProject;
			attributes = {
				BuildIndependentTargetsInParallel = 1;
				LastSwiftUpdateCheck = 1420;
				LastUpgradeCheck = 1420;
				TargetAttributes = {
					AF9347702B1B58BF00CF337D = {
						CreatedOnToolsVersion = 14.2;
					};
					AF9347862B1B58C300CF337D = {
						CreatedOnToolsVersion = 14.2;
						TestTargetID = AF9347702B1B58BF00CF337D;
					};
					AF9347902B1B58C300CF337D = {
						CreatedOnToolsVersion = 14.2;
						TestTargetID = AF9347702B1B58BF00CF337D;
					};
				};
			};
			buildConfigurationList = AF93476C2B1B58BF00CF337D /* Build configuration list for PBXProject "AwesomeApp" */;
			compatibilityVersion = "Xcode 13.0";
			developmentRegion = en;
			hasScannedForEncodings = 0;
			knownRegions = (
				en,
				Base,
			);
			mainGroup = AF9347682B1B58BF00CF337D;
			productRefGroup = AF9347722B1B58BF00CF337D /* Products */;
			projectDirPath = "";
			projectRoot = "";
			targets = (
				AF9347702B1B58BF00CF337D /* AwesomeApp */,
				AF9347862B1B58C300CF337D /* AwesomeAppTests */,
				AF9347902B1B58C300CF337D /* AwesomeAppUITests */,
			);
		};
/* End PBXProject section */

/* Begin PBXResourcesBuildPhase section */
		AF93476F2B1B58BF00CF337D /* Resources */ = {
			isa = PBXResourcesBuildPhase;
			buildActionMask = 2147483647;
			files = (
				AF9347812B1B58C300CF337D /* LaunchScreen.storyboard in Resources */,
				AF93477E2B1B58C300CF337D /* Assets.xcassets in Resources */,
				AF93477C2B1B58BF00CF337D /* Main.storyboard in Resources */,
			);
			runOnlyForDeploymentPostprocessing = 0;
		};
		AF9347852B1B58C300CF337D /* Resources */ = {
			isa = PBXResourcesBuildPhase;
			buildActionMask = 2147483647;
			files = (
			);
			runOnlyForDeploymentPostprocessing = 0;
		};
		AF93478F2B1B58C300CF337D /* Resources */ = {
			isa = PBXResourcesBuildPhase;
			buildActionMask = 2147483647;
			files = (
			);
			runOnlyForDeploymentPostprocessing = 0;
		};
/* End PBXResourcesBuildPhase section */

/* Begin PBXShellScriptBuildPhase section */
		4713C35FB5D1042372B9E75F /* [CP] Check Pods Manifest.lock */ = {
			isa = PBXShellScriptBuildPhase;
			buildActionMask = 2147483647;
			files = (
			);
			inputFileListPaths = (
			);
			inputPaths = (
				"${PODS_PODFILE_DIR_PATH}/Podfile.lock",
				"${PODS_ROOT}/Manifest.lock",
			);
			name = "[CP] Check Pods Manifest.lock";
			outputFileListPaths = (
			);
			outputPaths = (
				"$(DERIVED_FILE_DIR)/Pods-AwesomeApp-checkManifestLockResult.txt",
			);
			runOnlyForDeploymentPostprocessing = 0;
			shellPath = /bin/sh;
			shellScript = "diff \"${PODS_PODFILE_DIR_PATH}/Podfile.lock\" \"${PODS_ROOT}/Manifest.lock\" > /dev/null\nif [ $? != 0 ] ; then\n    # print error to STDERR\n    echo \"error: The sandbox is not in sync with the Podfile.lock. Run 'pod install' or update your CocoaPods installation.\" >&2\n    exit 1\nfi\n# This output is used by Xcode 'outputs' to avoid re-running this script phase.\necho \"SUCCESS\" > \"${SCRIPT_OUTPUT_FILE_0}\"\n";
			showEnvVarsInLog = 0;
		};
		5DA232BD9CF1BD6F9A22E56D /* [CP] Check Pods Manifest.lock */ = {
			isa = PBXShellScriptBuildPhase;
			buildActionMask = 2147483647;
			files = (
			);
			inputFileListPaths = (
			);
			inputPaths = (
				"${PODS_PODFILE_DIR_PATH}/Podfile.lock",
				"${PODS_ROOT}/Manifest.lock",
			);
			name = "[CP] Check Pods Manifest.lock";
			outputFileListPaths = (
			);
			outputPaths = (
				"$(DERIVED_FILE_DIR)/Pods-AwesomeApp-AwesomeAppUITests-checkManifestLockResult.txt",
			);
			runOnlyForDeploymentPostprocessing = 0;
			shellPath = /bin/sh;
			shellScript = "diff \"${PODS_PODFILE_DIR_PATH}/Podfile.lock\" \"${PODS_ROOT}/Manifest.lock\" > /dev/null\nif [ $? != 0 ] ; then\n    # print error to STDERR\n    echo \"error: The sandbox is not in sync with the Podfile.lock. Run 'pod install' or update your CocoaPods installation.\" >&2\n    exit 1\nfi\n# This output is used by Xcode 'outputs' to avoid re-running this script phase.\necho \"SUCCESS\" > \"${SCRIPT_OUTPUT_FILE_0}\"\n";
			showEnvVarsInLog = 0;
		};
		8B22C1C2C67A75813664E3EE /* [CP] Check Pods Manifest.lock */ = {
			isa = PBXShellScriptBuildPhase;
			buildActionMask = 2147483647;
			files = (
			);
			inputFileListPaths = (
			);
			inputPaths = (
				"${PODS_PODFILE_DIR_PATH}/Podfile.lock",
				"${PODS_ROOT}/Manifest.lock",
			);
			name = "[CP] Check Pods Manifest.lock";
			outputFileListPaths = (
			);
			outputPaths = (
				"$(DERIVED_FILE_DIR)/Pods-AwesomeAppTests-checkManifestLockResult.txt",
			);
			runOnlyForDeploymentPostprocessing = 0;
			shellPath = /bin/sh;
			shellScript = "diff \"${PODS_PODFILE_DIR_PATH}/Podfile.lock\" \"${PODS_ROOT}/Manifest.lock\" > /dev/null\nif [ $? != 0 ] ; then\n    # print error to STDERR\n    echo \"error: The sandbox is not in sync with the Podfile.lock. Run 'pod install' or update your CocoaPods installation.\" >&2\n    exit 1\nfi\n# This output is used by Xcode 'outputs' to avoid re-running this script phase.\necho \"SUCCESS\" > \"${SCRIPT_OUTPUT_FILE_0}\"\n";
			showEnvVarsInLog = 0;
		};
/* End PBXShellScriptBuildPhase section */

/* Begin PBXSourcesBuildPhase section */
		AF93476D2B1B58BF00CF337D /* Sources */ = {
			isa = PBXSourcesBuildPhase;
			buildActionMask = 2147483647;
			files = (
				AF9347792B1B58BF00CF337D /* ViewController.swift in Sources */,
				AF9347752B1B58BF00CF337D /* AppDelegate.swift in Sources */,
				AF9347772B1B58BF00CF337D /* SceneDelegate.swift in Sources */,
			);
			runOnlyForDeploymentPostprocessing = 0;
		};
		AF9347832B1B58C300CF337D /* Sources */ = {
			isa = PBXSourcesBuildPhase;
			buildActionMask = 2147483647;
			files = (
				AF93478C2B1B58C300CF337D /* AwesomeAppTests.swift in Sources */,
			);
			runOnlyForDeploymentPostprocessing = 0;
		};
		AF93478D2B1B58C300CF337D /* Sources */ = {
			isa = PBXSourcesBuildPhase;
			buildActionMask = 2147483647;
			files = (
				AF9347982B1B58C300CF337D /* AwesomeAppUITestsLaunchTests.swift in Sources */,
				AF9347962B1B58C300CF337D /* AwesomeAppUITests.swift in Sources */,
			);
			runOnlyForDeploymentPostprocessing = 0;
		};
/* End PBXSourcesBuildPhase section */

/* Begin PBXTargetDependency section */
		AF9347892B1B58C300CF337D /* PBXTargetDependency */ = {
			isa = PBXTargetDependency;
			target = AF9347702B1B58BF00CF337D /* AwesomeApp */;
			targetProxy = AF9347882B1B58C300CF337D /* PBXContainerItemProxy */;
		};
		AF9347932B1B58C300CF337D /* PBXTargetDependency */ = {
			isa = PBXTargetDependency;
			target = AF9347702B1B58BF00CF337D /* AwesomeApp */;
			targetProxy = AF9347922B1B58C300CF337D /* PBXContainerItemProxy */;
		};
/* End PBXTargetDependency section */

/* Begin PBXVariantGroup section */
		AF93477A2B1B58BF00CF337D /* Main.storyboard */ = {
			isa = PBXVariantGroup;
			children = (
				AF93477B2B1B58BF00CF337D /* Base */,
			);
			name = Main.storyboard;
			sourceTree = "<group>";
		};
		AF93477F2B1B58C300CF337D /* LaunchScreen.storyboard */ = {
			isa = PBXVariantGroup;
			children = (
				AF9347802B1B58C300CF337D /* Base */,
			);
			name = LaunchScreen.storyboard;
			sourceTree = "<group>";
		};
/* End PBXVariantGroup section */

/* Begin XCBuildConfiguration section */
		AF9347992B1B58C300CF337D /* Debug */ = {
			isa = XCBuildConfiguration;
			buildSettings = {
				ALWAYS_SEARCH_USER_PATHS = NO;
				CLANG_ANALYZER_NONNULL = YES;
				CLANG_ANALYZER_NUMBER_OBJECT_CONVERSION = YES_AGGRESSIVE;
				CLANG_CXX_LANGUAGE_STANDARD = "gnu++20";
				CLANG_ENABLE_MODULES = YES;
				CLANG_ENABLE_OBJC_ARC = YES;
				CLANG_ENABLE_OBJC_WEAK = YES;
				CLANG_WARN_BLOCK_CAPTURE_AUTORELEASING = YES;
				CLANG_WARN_BOOL_CONVERSION = YES;
				CLANG_WARN_COMMA = YES;
				CLANG_WARN_CONSTANT_CONVERSION = YES;
				CLANG_WARN_DEPRECATED_OBJC_IMPLEMENTATIONS = YES;
				CLANG_WARN_DIRECT_OBJC_ISA_USAGE = YES_ERROR;
				CLANG_WARN_DOCUMENTATION_COMMENTS = YES;
				CLANG_WARN_EMPTY_BODY = YES;
				CLANG_WARN_ENUM_CONVERSION = YES;
				CLANG_WARN_INFINITE_RECURSION = YES;
				CLANG_WARN_INT_CONVERSION = YES;
				CLANG_WARN_NON_LITERAL_NULL_CONVERSION = YES;
				CLANG_WARN_OBJC_IMPLICIT_RETAIN_SELF = YES;
				CLANG_WARN_OBJC_LITERAL_CONVERSION = YES;
				CLANG_WARN_OBJC_ROOT_CLASS = YES_ERROR;
				CLANG_WARN_QUOTED_INCLUDE_IN_FRAMEWORK_HEADER = YES;
				CLANG_WARN_RANGE_LOOP_ANALYSIS = YES;
				CLANG_WARN_STRICT_PROTOTYPES = YES;
				CLANG_WARN_SUSPICIOUS_MOVE = YES;
				CLANG_WARN_UNGUARDED_AVAILABILITY = YES_AGGRESSIVE;
				CLANG_WARN_UNREACHABLE_CODE = YES;
				CLANG_WARN__DUPLICATE_METHOD_MATCH = YES;
				COPY_PHASE_STRIP = NO;
				DEBUG_INFORMATION_FORMAT = dwarf;
				ENABLE_STRICT_OBJC_MSGSEND = YES;
				ENABLE_TESTABILITY = YES;
				GCC_C_LANGUAGE_STANDARD = gnu11;
				GCC_DYNAMIC_NO_PIC = NO;
				GCC_NO_COMMON_BLOCKS = YES;
				GCC_OPTIMIZATION_LEVEL = 0;
				GCC_PREPROCESSOR_DEFINITIONS = (
					"DEBUG=1",
					"$(inherited)",
				);
				GCC_WARN_64_TO_32_BIT_CONVERSION = YES;
				GCC_WARN_ABOUT_RETURN_TYPE = YES_ERROR;
				GCC_WARN_UNDECLARED_SELECTOR = YES;
				GCC_WARN_UNINITIALIZED_AUTOS = YES_AGGRESSIVE;
				GCC_WARN_UNUSED_FUNCTION = YES;
				GCC_WARN_UNUSED_VARIABLE = YES;
				IPHONEOS_DEPLOYMENT_TARGET = 13.0;
				MTL_ENABLE_DEBUG_INFO = INCLUDE_SOURCE;
				MTL_FAST_MATH = YES;
				ONLY_ACTIVE_ARCH = YES;
				SDKROOT = iphoneos;
				SWIFT_ACTIVE_COMPILATION_CONDITIONS = DEBUG;
				SWIFT_OPTIMIZATION_LEVEL = "-Onone";
			};
			name = Debug;
		};
		AF93479A2B1B58C300CF337D /* Release */ = {
			isa = XCBuildConfiguration;
			buildSettings = {
				ALWAYS_SEARCH_USER_PATHS = NO;
				CLANG_ANALYZER_NONNULL = YES;
				CLANG_ANALYZER_NUMBER_OBJECT_CONVERSION = YES_AGGRESSIVE;
				CLANG_CXX_LANGUAGE_STANDARD = "gnu++20";
				CLANG_ENABLE_MODULES = YES;
				CLANG_ENABLE_OBJC_ARC = YES;
				CLANG_ENABLE_OBJC_WEAK = YES;
				CLANG_WARN_BLOCK_CAPTURE_AUTORELEASING = YES;
				CLANG_WARN_BOOL_CONVERSION = YES;
				CLANG_WARN_COMMA = YES;
				CLANG_WARN_CONSTANT_CONVERSION = YES;
				CLANG_WARN_DEPRECATED_OBJC_IMPLEMENTATIONS = YES;
				CLANG_WARN_DIRECT_OBJC_ISA_USAGE = YES_ERROR;
				CLANG_WARN_DOCUMENTATION_COMMENTS = YES;
				CLANG_WARN_EMPTY_BODY = YES;
				CLANG_WARN_ENUM_CONVERSION = YES;
				CLANG_WARN_INFINITE_RECURSION = YES;
				CLANG_WARN_INT_CONVERSION = YES;
				CLANG_WARN_NON_LITERAL_NULL_CONVERSION = YES;
				CLANG_WARN_OBJC_IMPLICIT_RETAIN_SELF = YES;
				CLANG_WARN_OBJC_LITERAL_CONVERSION = YES;
				CLANG_WARN_OBJC_ROOT_CLASS = YES_ERROR;
				CLANG_WARN_QUOTED_INCLUDE_IN_FRAMEWORK_HEADER = YES;
				CLANG_WARN_RANGE_LOOP_ANALYSIS = YES;
				CLANG_WARN_STRICT_PROTOTYPES = YES;
				CLANG_WARN_SUSPICIOUS_MOVE = YES;
				CLANG_WARN_UNGUARDED_AVAILABILITY = YES_AGGRESSIVE;
				CLANG_WARN_UNREACHABLE_CODE = YES;
				CLANG_WARN__DUPLICATE_METHOD_MATCH = YES;
				COPY_PHASE_STRIP = NO;
				DEBUG_INFORMATION_FORMAT = "dwarf-with-dsym";
				ENABLE_NS_ASSERTIONS = NO;
				ENABLE_STRICT_OBJC_MSGSEND = YES;
				GCC_C_LANGUAGE_STANDARD = gnu11;
				GCC_NO_COMMON_BLOCKS = YES;
				GCC_WARN_64_TO_32_BIT_CONVERSION = YES;
				GCC_WARN_ABOUT_RETURN_TYPE = YES_ERROR;
				GCC_WARN_UNDECLARED_SELECTOR = YES;
				GCC_WARN_UNINITIALIZED_AUTOS = YES_AGGRESSIVE;
				GCC_WARN_UNUSED_FUNCTION = YES;
				GCC_WARN_UNUSED_VARIABLE = YES;
				IPHONEOS_DEPLOYMENT_TARGET = 13.0;
				MTL_ENABLE_DEBUG_INFO = NO;
				MTL_FAST_MATH = YES;
				SDKROOT = iphoneos;
				SWIFT_COMPILATION_MODE = wholemodule;
				SWIFT_OPTIMIZATION_LEVEL = "-O";
				VALIDATE_PRODUCT = YES;
			};
			name = Release;
		};
		AF93479C2B1B58C300CF337D /* Debug */ = {
			isa = XCBuildConfiguration;
			baseConfigurationReference = 7935F09BE1012C3D4C1D740D /* Pods-AwesomeApp.debug.xcconfig */;
			buildSettings = {
				ASSETCATALOG_COMPILER_APPICON_NAME = AppIcon;
				ASSETCATALOG_COMPILER_GLOBAL_ACCENT_COLOR_NAME = AccentColor;
				CODE_SIGN_STYLE = Automatic;
				CURRENT_PROJECT_VERSION = 1;
				DEVELOPMENT_TEAM = HG6B48G9LT;
				GENERATE_INFOPLIST_FILE = YES;
				INFOPLIST_FILE = AwesomeApp/Info.plist;
				INFOPLIST_KEY_UIApplicationSupportsIndirectInputEvents = YES;
				INFOPLIST_KEY_UILaunchStoryboardName = LaunchScreen;
				INFOPLIST_KEY_UIMainStoryboardFile = Main;
				INFOPLIST_KEY_UISupportedInterfaceOrientations_iPad = "UIInterfaceOrientationPortrait UIInterfaceOrientationPortraitUpsideDown UIInterfaceOrientationLandscapeLeft UIInterfaceOrientationLandscapeRight";
				INFOPLIST_KEY_UISupportedInterfaceOrientations_iPhone = "UIInterfaceOrientationPortrait UIInterfaceOrientationLandscapeLeft UIInterfaceOrientationLandscapeRight";
				LD_RUNPATH_SEARCH_PATHS = (
					"$(inherited)",
					"@executable_path/Frameworks",
				);
				MARKETING_VERSION = 1.0;
				PRODUCT_BUNDLE_IDENTIFIER = com.yhuia.AwesomeApp.AwesomeApp;
				PRODUCT_NAME = "$(TARGET_NAME)";
				SWIFT_EMIT_LOC_STRINGS = YES;
				SWIFT_VERSION = 5.0;
				TARGETED_DEVICE_FAMILY = "1,2";
			};
			name = Debug;
		};
		AF93479D2B1B58C300CF337D /* Release */ = {
			isa = XCBuildConfiguration;
			baseConfigurationReference = 725747EBA449C05B2A1C9800 /* Pods-AwesomeApp.release.xcconfig */;
			buildSettings = {
				ASSETCATALOG_COMPILER_APPICON_NAME = AppIcon;
				ASSETCATALOG_COMPILER_GLOBAL_ACCENT_COLOR_NAME = AccentColor;
				CODE_SIGN_STYLE = Automatic;
				CURRENT_PROJECT_VERSION = 1;
				DEVELOPMENT_TEAM = HG6B48G9LT;
				GENERATE_INFOPLIST_FILE = YES;
				INFOPLIST_FILE = AwesomeApp/Info.plist;
				INFOPLIST_KEY_UIApplicationSupportsIndirectInputEvents = YES;
				INFOPLIST_KEY_UILaunchStoryboardName = LaunchScreen;
				INFOPLIST_KEY_UIMainStoryboardFile = Main;
				INFOPLIST_KEY_UISupportedInterfaceOrientations_iPad = "UIInterfaceOrientationPortrait UIInterfaceOrientationPortraitUpsideDown UIInterfaceOrientationLandscapeLeft UIInterfaceOrientationLandscapeRight";
				INFOPLIST_KEY_UISupportedInterfaceOrientations_iPhone = "UIInterfaceOrientationPortrait UIInterfaceOrientationLandscapeLeft UIInterfaceOrientationLandscapeRight";
				LD_RUNPATH_SEARCH_PATHS = (
					"$(inherited)",
					"@executable_path/Frameworks",
				);
				MARKETING_VERSION = 1.0;
				PRODUCT_BUNDLE_IDENTIFIER = com.yhuia.AwesomeApp.AwesomeApp;
				PRODUCT_NAME = "$(TARGET_NAME)";
				SWIFT_EMIT_LOC_STRINGS = YES;
				SWIFT_VERSION = 5.0;
				TARGETED_DEVICE_FAMILY = "1,2";
			};
			name = Release;
		};
		AF93479F2B1B58C300CF337D /* Debug */ = {
			isa = XCBuildConfiguration;
			baseConfigurationReference = 427C05461EED0B4A3D53091D /* Pods-AwesomeAppTests.debug.xcconfig */;
			buildSettings = {
				ALWAYS_EMBED_SWIFT_STANDARD_LIBRARIES = YES;
				BUNDLE_LOADER = "$(TEST_HOST)";
				CODE_SIGN_STYLE = Automatic;
				CURRENT_PROJECT_VERSION = 1;
				DEVELOPMENT_TEAM = HG6B48G9LT;
				GENERATE_INFOPLIST_FILE = YES;
				IPHONEOS_DEPLOYMENT_TARGET = 16.2;
				MARKETING_VERSION = 1.0;
				PRODUCT_BUNDLE_IDENTIFIER = com.yhuia.AwesomeApp.AwesomeAppTests;
				PRODUCT_NAME = "$(TARGET_NAME)";
				SWIFT_EMIT_LOC_STRINGS = NO;
				SWIFT_VERSION = 5.0;
				TARGETED_DEVICE_FAMILY = "1,2";
				TEST_HOST = "$(BUILT_PRODUCTS_DIR)/AwesomeApp.app/$(BUNDLE_EXECUTABLE_FOLDER_PATH)/AwesomeApp";
			};
			name = Debug;
		};
		AF9347A02B1B58C300CF337D /* Release */ = {
			isa = XCBuildConfiguration;
			baseConfigurationReference = A009B63FE9E217620F4DCB9C /* Pods-AwesomeAppTests.release.xcconfig */;
			buildSettings = {
				ALWAYS_EMBED_SWIFT_STANDARD_LIBRARIES = YES;
				BUNDLE_LOADER = "$(TEST_HOST)";
				CODE_SIGN_STYLE = Automatic;
				CURRENT_PROJECT_VERSION = 1;
				DEVELOPMENT_TEAM = HG6B48G9LT;
				GENERATE_INFOPLIST_FILE = YES;
				IPHONEOS_DEPLOYMENT_TARGET = 16.2;
				MARKETING_VERSION = 1.0;
				PRODUCT_BUNDLE_IDENTIFIER = com.yhuia.AwesomeApp.AwesomeAppTests;
				PRODUCT_NAME = "$(TARGET_NAME)";
				SWIFT_EMIT_LOC_STRINGS = NO;
				SWIFT_VERSION = 5.0;
				TARGETED_DEVICE_FAMILY = "1,2";
				TEST_HOST = "$(BUILT_PRODUCTS_DIR)/AwesomeApp.app/$(BUNDLE_EXECUTABLE_FOLDER_PATH)/AwesomeApp";
			};
			name = Release;
		};
		AF9347A22B1B58C300CF337D /* Debug */ = {
			isa = XCBuildConfiguration;
			baseConfigurationReference = DAE8399971959C1274A7264C /* Pods-AwesomeApp-AwesomeAppUITests.debug.xcconfig */;
			buildSettings = {
				ALWAYS_EMBED_SWIFT_STANDARD_LIBRARIES = YES;
				CODE_SIGN_STYLE = Automatic;
				CURRENT_PROJECT_VERSION = 1;
				DEVELOPMENT_TEAM = HG6B48G9LT;
				GENERATE_INFOPLIST_FILE = YES;
				MARKETING_VERSION = 1.0;
				PRODUCT_BUNDLE_IDENTIFIER = com.yhuia.AwesomeApp.AwesomeAppUITests;
				PRODUCT_NAME = "$(TARGET_NAME)";
				SWIFT_EMIT_LOC_STRINGS = NO;
				SWIFT_VERSION = 5.0;
				TARGETED_DEVICE_FAMILY = "1,2";
				TEST_TARGET_NAME = AwesomeApp;
			};
			name = Debug;
		};
		AF9347A32B1B58C300CF337D /* Release */ = {
			isa = XCBuildConfiguration;
			baseConfigurationReference = A4CA1A54D7535C5B3A3B6CE4 /* Pods-AwesomeApp-AwesomeAppUITests.release.xcconfig */;
			buildSettings = {
				ALWAYS_EMBED_SWIFT_STANDARD_LIBRARIES = YES;
				CODE_SIGN_STYLE = Automatic;
				CURRENT_PROJECT_VERSION = 1;
				DEVELOPMENT_TEAM = HG6B48G9LT;
				GENERATE_INFOPLIST_FILE = YES;
				MARKETING_VERSION = 1.0;
				PRODUCT_BUNDLE_IDENTIFIER = com.yhuia.AwesomeApp.AwesomeAppUITests;
				PRODUCT_NAME = "$(TARGET_NAME)";
				SWIFT_EMIT_LOC_STRINGS = NO;
				SWIFT_VERSION = 5.0;
				TARGETED_DEVICE_FAMILY = "1,2";
				TEST_TARGET_NAME = AwesomeApp;
			};
			name = Release;
		};
/* End XCBuildConfiguration section */

/* Begin XCConfigurationList section */
		AF93476C2B1B58BF00CF337D /* Build configuration list for PBXProject "AwesomeApp" */ = {
			isa = XCConfigurationList;
			buildConfigurations = (
				AF9347992B1B58C300CF337D /* Debug */,
				AF93479A2B1B58C300CF337D /* Release */,
			);
			defaultConfigurationIsVisible = 0;
			defaultConfigurationName = Release;
		};
		AF93479B2B1B58C300CF337D /* Build configuration list for PBXNativeTarget "AwesomeApp" */ = {
			isa = XCConfigurationList;
			buildConfigurations = (
				AF93479C2B1B58C300CF337D /* Debug */,
				AF93479D2B1B58C300CF337D /* Release */,
			);
			defaultConfigurationIsVisible = 0;
			defaultConfigurationName = Release;
		};
		AF93479E2B1B58C300CF337D /* Build configuration list for PBXNativeTarget "AwesomeAppTests" */ = {
			isa = XCConfigurationList;
			buildConfigurations = (
				AF93479F2B1B58C300CF337D /* Debug */,
				AF9347A02B1B58C300CF337D /* Release */,
			);
			defaultConfigurationIsVisible = 0;
			defaultConfigurationName = Release;
		};
		AF9347A12B1B58C300CF337D /* Build configuration list for PBXNativeTarget "AwesomeAppUITests" */ = {
			isa = XCConfigurationList;
			buildConfigurations = (
				AF9347A22B1B58C300CF337D /* Debug */,
				AF9347A32B1B58C300CF337D /* Release */,
			);
			defaultConfigurationIsVisible = 0;
			defaultConfigurationName = Release;
		};
/* End XCConfigurationList section */
	};
	rootObject = AF9347692B1B58BF00CF337D /* Project object */;
}
